{
  "name": "learn_enough_javascript",
  "lockfileVersion": 2,
  "requires": true,
  "packages": {
    "": {
      "dependencies": {
        "itorterat-palindrome": "^0.2.0"
      }
    },
    "node_modules/itorterat-palindrome": {
      "version": "0.2.0",
      "resolved": "https://registry.npmjs.org/itorterat-palindrome/-/itorterat-palindrome-0.2.0.tgz",
      "integrity": "sha512-StiKE7K9wPau/u7pxwiEKIOunSnRJvTk9odozi467N5xWUzpL33rCIIscE/XFgTD7vT+jMBikEDns99uz2nqAA=="
    }
  },
  "dependencies": {
    "itorterat-palindrome": {
      "version": "0.2.0",
      "resolved": "https://registry.npmjs.org/itorterat-palindrome/-/itorterat-palindrome-0.2.0.tgz",
      "integrity": "sha512-StiKE7K9wPau/u7pxwiEKIOunSnRJvTk9odozi467N5xWUzpL33rCIIscE/XFgTD7vT+jMBikEDns99uz2nqAA=="
    }
  }
}
