{
  "name": "learn_enough_javascript",
  "lockfileVersion": 2,
  "requires": true,
  "packages": {
    "": {
      "dependencies": {
        "itorterat-palindrome": "^0.1.0"
      }
    },
    "node_modules/itorterat-palindrome": {
      "version": "0.1.0",
      "resolved": "https://registry.npmjs.org/itorterat-palindrome/-/itorterat-palindrome-0.1.0.tgz",
      "integrity": "sha512-voCHHj4SCgQZ8ATcDan5cyqd0GjcCUd6JzOe8K17RIv54VhUUIn2OZqMPuIdGB5djHqKazzhpZyzELfjsDPjKQ=="
    }
  },
  "dependencies": {
    "itorterat-palindrome": {
      "version": "0.1.0",
      "resolved": "https://registry.npmjs.org/itorterat-palindrome/-/itorterat-palindrome-0.1.0.tgz",
      "integrity": "sha512-voCHHj4SCgQZ8ATcDan5cyqd0GjcCUd6JzOe8K17RIv54VhUUIn2OZqMPuIdGB5djHqKazzhpZyzELfjsDPjKQ=="
    }
  }
}
